<?xml version="1.0" encoding="utf-8"?>
<Project ToolsVersion="4.0" xmlns="http://schemas.microsoft.com/developer/msbuild/2003">
  <ItemGroup>
    <Filter Include="Source Files">
      <UniqueIdentifier>{4FC737F1-C7A5-4376-A066-2A32D752A2FF}</UniqueIdentifier>
      <Extensions>cpp;c;cc;cxx;def;odl;idl;hpj;bat;asm;asmx</Extensions>
    </Filter>
    <Filter Include="Header Files">
      <UniqueIdentifier>{93995380-89BD-4b04-88EB-625FBE52EBFB}</UniqueIdentifier>
      <Extensions>h;hh;hpp;hxx;hm;inl;inc;xsd</Extensions>
    </Filter>
    <Filter Include="Resource Files">
      <UniqueIdentifier>{67DA6AB6-F800-4c08-8B7A-83BB121AAD01}</UniqueIdentifier>
      <Extensions>rc;ico;cur;bmp;dlg;rc2;rct;bin;rgs;gif;jpg;jpeg;jpe;resx;tiff;tif;png;wav;mfcribbon-ms</Extensions>
    </Filter>
  </ItemGroup>
  <ItemGroup>
    <ClCompile Include="..\lfb.cpp">
      <Filter>Source Files</Filter>
    </ClCompile>
    <ClCompile Include="..\lfbB.cpp">
      <Filter>Source Files</Filter>
    </ClCompile>
    <ClCompile Include="..\lfbBase.cpp">
      <Filter>Source Files</Filter>
    </ClCompile>
    <ClCompile Include="..\lfbL.cpp">
      <Filter>Source Files</Filter>
    </ClCompile>
    <ClCompile Include="..\lfbLL.cpp">
      <Filter>Source Files</Filter>
    </ClCompile>
    <ClCompile Include="..\lfbPLL.cpp">
      <Filter>Source Files</Filter>
    </ClCompile>
    <ClCompile Include="..\prefixSums.cpp">
      <Filter>Source Files</Filter>
    </ClCompile>
  </ItemGroup>
  <ItemGroup>
    <ClInclude Include="..\extraglenums.h">
      <Filter>Header Files</Filter>
    </ClInclude>
    <ClInclude Include="..\lfb.h">
      <Filter>Header Files</Filter>
    </ClInclude>
    <ClInclude Include="..\lfbB.h">
      <Filter>Header Files</Filter>
    </ClInclude>
    <ClInclude Include="..\lfbBase.h">
      <Filter>Header Files</Filter>
    </ClInclude>
    <ClInclude Include="..\lfbL.h">
      <Filter>Header Files</Filter>
    </ClInclude>
    <ClInclude Include="..\lfbLL.h">
      <Filter>Header Files</Filter>
    </ClInclude>
    <ClInclude Include="..\lfbPLL.h">
      <Filter>Header Files</Filter>
    </ClInclude>
    <ClInclude Include="..\prefixSums.h">
      <Filter>Header Files</Filter>
    </ClInclude>
    <ClInclude Include="..\resource.h">
      <Filter>Header Files</Filter>
    </ClInclude>
  </ItemGroup>
  <ItemGroup>
    <ResourceCompile Include="..\lfbShaders.rc">
      <Filter>Resource Files</Filter>
    </ResourceCompile>
  </ItemGroup>
</Project>